
Microsoft Visual Studio Solution File, Format Version 12.00
# Visual Studio 14
VisualStudioVersion = 14.0.25420.1
MinimumVisualStudioVersion = 10.0.40219.1
Project("{FAE04EC0-301F-11D3-BF4B-00C04F79EFBC}") = "ClassLibrary2", "ClassLibrary2\ClassLibrary2.csproj", "{56DFF957-7C32-4676-8295-1F1EFF535A93}"
EndProject
Project("{FAE04EC0-301F-11D3-BF4B-00C04F79EFBC}") = "StudentADO", "StudentADO\StudentADO.csproj", "{497E99F7-EC35-4107-B70F-53F8C51A96D6}"
EndProject
Global
	GlobalSection(SolutionConfigurationPlatforms) = preSolution
		Debug|Any CPU = Debug|Any CPU
		Release|Any CPU = Release|Any CPU
	EndGlobalSection
	GlobalSection(ProjectConfigurationPlatforms) = postSolution
		{56DFF957-7C32-4676-8295-1F1EFF535A93}.Debug|Any CPU.ActiveCfg = Debug|Any CPU
		{56DFF957-7C32-4676-8295-1F1EFF535A93}.Debug|Any CPU.Build.0 = Debug|Any CPU
		{56DFF957-7C32-4676-8295-1F1EFF535A93}.Release|Any CPU.ActiveCfg = Release|Any CPU
		{56DFF957-7C32-4676-8295-1F1EFF535A93}.Release|Any CPU.Build.0 = Release|Any CPU
		{497E99F7-EC35-4107-B70F-53F8C51A96D6}.Debug|Any CPU.ActiveCfg = Debug|Any CPU
		{497E99F7-EC35-4107-B70F-53F8C51A96D6}.Debug|Any CPU.Build.0 = Debug|Any CPU
		{497E99F7-EC35-4107-B70F-53F8C51A96D6}.Release|Any CPU.ActiveCfg = Release|Any CPU
		{497E99F7-EC35-4107-B70F-53F8C51A96D6}.Release|Any CPU.Build.0 = Release|Any CPU
	EndGlobalSection
	GlobalSection(SolutionProperties) = preSolution
		HideSolutionNode = FALSE
	EndGlobalSection
EndGlobal
