
Microsoft Visual Studio Solution File, Format Version 12.00
# Visual Studio 14
VisualStudioVersion = 14.0.25420.1
MinimumVisualStudioVersion = 10.0.40219.1
Project("{FAE04EC0-301F-11D3-BF4B-00C04F79EFBC}") = "ConsoleApplication3", "ConsoleApplication3\ConsoleApplication3.csproj", "{18DBE6E2-3C62-437D-A96B-243D295034AD}"
EndProject
Global
	GlobalSection(SolutionConfigurationPlatforms) = preSolution
		Debug|Any CPU = Debug|Any CPU
		Release|Any CPU = Release|Any CPU
	EndGlobalSection
	GlobalSection(ProjectConfigurationPlatforms) = postSolution
		{18DBE6E2-3C62-437D-A96B-243D295034AD}.Debug|Any CPU.ActiveCfg = Debug|Any CPU
		{18DBE6E2-3C62-437D-A96B-243D295034AD}.Debug|Any CPU.Build.0 = Debug|Any CPU
		{18DBE6E2-3C62-437D-A96B-243D295034AD}.Release|Any CPU.ActiveCfg = Release|Any CPU
		{18DBE6E2-3C62-437D-A96B-243D295034AD}.Release|Any CPU.Build.0 = Release|Any CPU
	EndGlobalSection
	GlobalSection(SolutionProperties) = preSolution
		HideSolutionNode = FALSE
	EndGlobalSection
EndGlobal
